
Microsoft Visual Studio Solution File, Format Version 12.00
# Visual Studio Version 17
VisualStudioVersion = 17.14.36518.9
MinimumVisualStudioVersion = 10.0.40219.1
Project("{2150E333-8FDC-42A3-9474-1A3956D46DE8}") = "Task0", "Task0", "{36D591C7-65C7-A0D1-1CBC-10CDE441BDC8}"
EndProject
Project("{FAE04EC0-301F-11D3-BF4B-00C04F79EFBC}") = "Tyuiu.AjtkuzhinovEE.Sprint5.Task0.V5", "Tyuiu.AjtkuzhinovEE.Sprint5.Task0.V5\Tyuiu.AjtkuzhinovEE.Sprint5.Task0.V5.csproj", "{C2E26969-4DF0-4226-B42B-39AE168251FA}"
EndProject
Project("{FAE04EC0-301F-11D3-BF4B-00C04F79EFBC}") = "Tyuiu.AjtkuzhinovEE.Sprint5.Task0.V5.Test", "Tyuiu.AjtkuzhinovEE.Sprint5.Task0.V5.Test\Tyuiu.AjtkuzhinovEE.Sprint5.Task0.V5.Test.csproj", "{3CECBEBC-E3B3-44E7-A557-3D9161DF35DC}"
EndProject
Project("{FAE04EC0-301F-11D3-BF4B-00C04F79EFBC}") = "Tyuiu.AjtkuzhinovEE.Sprint5.Task0.V5.Lib", "Tyuiu.AjtkuzhinovEE.Sprint5.Task0.V5.Lib\Tyuiu.AjtkuzhinovEE.Sprint5.Task0.V5.Lib.csproj", "{BE6B54C5-CDD5-46C6-9AB9-19ADEAA8036D}"
EndProject
Project("{2150E333-8FDC-42A3-9474-1A3956D46DE8}") = "Task1", "Task1", "{ACB23868-5C49-4749-8F34-ECBE8F20F862}"
EndProject
Project("{FAE04EC0-301F-11D3-BF4B-00C04F79EFBC}") = "Tyuiu.AjtkuzhinovEE.Sprint5.Task1.V3", "Tyuiu.AjtkuzhinovEE.Sprint5.Task1.V3\Tyuiu.AjtkuzhinovEE.Sprint5.Task1.V3.csproj", "{481D1992-2247-4C70-B254-0C9790E04334}"
EndProject
Project("{FAE04EC0-301F-11D3-BF4B-00C04F79EFBC}") = "Tyuiu.AjtkuzhinovEE.Sprint5.Task1.V3.Lib", "Tyuiu.AjtkuzhinovEE.Sprint5.Task1.V3.Lib\Tyuiu.AjtkuzhinovEE.Sprint5.Task1.V3.Lib.csproj", "{0E3EBB68-304F-4F3A-9255-F1E197685661}"
EndProject
Project("{FAE04EC0-301F-11D3-BF4B-00C04F79EFBC}") = "Tyuiu.AjtkuzhinovEE.Sprint5.Task1.V3.Test", "Tyuiu.AjtkuzhinovEE.Sprint5.Task1.V3.Test\Tyuiu.AjtkuzhinovEE.Sprint5.Task1.V3.Test.csproj", "{06E5E32B-687E-4947-B28C-DC9E50D3C7F0}"
EndProject
Project("{2150E333-8FDC-42A3-9474-1A3956D46DE8}") = "Task2", "Task2", "{6E330AC4-BC46-45EC-83A7-F2A819E1EC43}"
EndProject
Project("{FAE04EC0-301F-11D3-BF4B-00C04F79EFBC}") = "Tyuiu.AjtkuzhinovEE.Sprint5.Task2.V15", "Tyuiu.AjtkuzhinovEE.Sprint5.Task2.V15\Tyuiu.AjtkuzhinovEE.Sprint5.Task2.V15.csproj", "{6CE3E08F-81E3-4B9D-BD00-2F40EC9B7635}"
EndProject
Project("{FAE04EC0-301F-11D3-BF4B-00C04F79EFBC}") = "Tyuiu.AjtkuzhinovEE.Sprint5.Task2.V15.Lib", "Tyuiu.AjtkuzhinovEE.Sprint5.Task2.V15.Lib\Tyuiu.AjtkuzhinovEE.Sprint5.Task2.V15.Lib.csproj", "{46BEC16E-F42F-4CA2-87AE-083759413F59}"
EndProject
Project("{FAE04EC0-301F-11D3-BF4B-00C04F79EFBC}") = "Tyuiu.AjtkuzhinovEE.Sprint5.Task2.V15.Test", "Tyuiu.AjtkuzhinovEE.Sprint5.Task2.V15.Test\Tyuiu.AjtkuzhinovEE.Sprint5.Task2.V15.Test.csproj", "{300276BE-FC28-4D6B-B59A-6F0235FC8309}"
EndProject
Project("{2150E333-8FDC-42A3-9474-1A3956D46DE8}") = "Task3", "Task3", "{A75AB078-CB97-4776-8062-F1D6719A80FB}"
EndProject
Project("{FAE04EC0-301F-11D3-BF4B-00C04F79EFBC}") = "Tyuiu.AjtkuzhinovEE.Sprint5.Task3.V4", "Tyuiu.AjtkuzhinovEE.Sprint5.Task3.V4\Tyuiu.AjtkuzhinovEE.Sprint5.Task3.V4.csproj", "{8CCF8882-A3C6-4209-8612-5F78B31D7FE8}"
EndProject
Project("{FAE04EC0-301F-11D3-BF4B-00C04F79EFBC}") = "Tyuiu.AjtkuzhinovEE.Sprint5.Task3.V4.Lib", "Tyuiu.AjtkuzhinovEE.Sprint5.Task3.V4.Lib\Tyuiu.AjtkuzhinovEE.Sprint5.Task3.V4.Lib.csproj", "{5D2B2B0F-E3DD-48C5-83AB-0423C6773AF4}"
EndProject
Project("{FAE04EC0-301F-11D3-BF4B-00C04F79EFBC}") = "Tyuiu.AjtkuzhinovEE.Sprint5.Task3.V4.Test", "Tyuiu.AjtkuzhinovEE.Sprint5.Task3.V4.Test\Tyuiu.AjtkuzhinovEE.Sprint5.Task3.V4.Test.csproj", "{1BB1A3A3-97CA-48C8-8F02-74FAB2969B19}"
EndProject
Project("{2150E333-8FDC-42A3-9474-1A3956D46DE8}") = "Task4", "Task4", "{07F7CF13-731F-4915-833D-C5E722C02154}"
EndProject
Project("{FAE04EC0-301F-11D3-BF4B-00C04F79EFBC}") = "Tyuiu.AjtkuzhinovEE.Sprint5.Task4.V29", "Tyuiu.AjtkuzhinovEE.Sprint5.Task4.V29\Tyuiu.AjtkuzhinovEE.Sprint5.Task4.V29.csproj", "{E5F8F303-BF7E-4DB5-AAAF-7CACA6E6946D}"
EndProject
Project("{FAE04EC0-301F-11D3-BF4B-00C04F79EFBC}") = "Tyuiu.AjtkuzhinovEE.Sprint5.Task4.V29.Lib", "Tyuiu.AjtkuzhinovEE.Sprint5.Task4.V29.Lib\Tyuiu.AjtkuzhinovEE.Sprint5.Task4.V29.Lib.csproj", "{98EBB0A3-5D25-4F05-9412-7924B18773D7}"
EndProject
Project("{FAE04EC0-301F-11D3-BF4B-00C04F79EFBC}") = "Tyuiu.AjtkuzhinovEE.Sprint5.Task4.V29.Test", "Tyuiu.AjtkuzhinovEE.Sprint5.Task4.V29.Test\Tyuiu.AjtkuzhinovEE.Sprint5.Task4.V29.Test.csproj", "{FF8A6962-84C5-4223-9438-89E44360F48F}"
EndProject
Global
	GlobalSection(SolutionConfigurationPlatforms) = preSolution
		Debug|Any CPU = Debug|Any CPU
		Release|Any CPU = Release|Any CPU
	EndGlobalSection
	GlobalSection(ProjectConfigurationPlatforms) = postSolution
		{C2E26969-4DF0-4226-B42B-39AE168251FA}.Debug|Any CPU.ActiveCfg = Debug|Any CPU
		{C2E26969-4DF0-4226-B42B-39AE168251FA}.Debug|Any CPU.Build.0 = Debug|Any CPU
		{C2E26969-4DF0-4226-B42B-39AE168251FA}.Release|Any CPU.ActiveCfg = Release|Any CPU
		{C2E26969-4DF0-4226-B42B-39AE168251FA}.Release|Any CPU.Build.0 = Release|Any CPU
		{3CECBEBC-E3B3-44E7-A557-3D9161DF35DC}.Debug|Any CPU.ActiveCfg = Debug|Any CPU
		{3CECBEBC-E3B3-44E7-A557-3D9161DF35DC}.Debug|Any CPU.Build.0 = Debug|Any CPU
		{3CECBEBC-E3B3-44E7-A557-3D9161DF35DC}.Release|Any CPU.ActiveCfg = Release|Any CPU
		{3CECBEBC-E3B3-44E7-A557-3D9161DF35DC}.Release|Any CPU.Build.0 = Release|Any CPU
		{BE6B54C5-CDD5-46C6-9AB9-19ADEAA8036D}.Debug|Any CPU.ActiveCfg = Debug|Any CPU
		{BE6B54C5-CDD5-46C6-9AB9-19ADEAA8036D}.Debug|Any CPU.Build.0 = Debug|Any CPU
		{BE6B54C5-CDD5-46C6-9AB9-19ADEAA8036D}.Release|Any CPU.ActiveCfg = Release|Any CPU
		{BE6B54C5-CDD5-46C6-9AB9-19ADEAA8036D}.Release|Any CPU.Build.0 = Release|Any CPU
		{481D1992-2247-4C70-B254-0C9790E04334}.Debug|Any CPU.ActiveCfg = Debug|Any CPU
		{481D1992-2247-4C70-B254-0C9790E04334}.Debug|Any CPU.Build.0 = Debug|Any CPU
		{481D1992-2247-4C70-B254-0C9790E04334}.Release|Any CPU.ActiveCfg = Release|Any CPU
		{481D1992-2247-4C70-B254-0C9790E04334}.Release|Any CPU.Build.0 = Release|Any CPU
		{0E3EBB68-304F-4F3A-9255-F1E197685661}.Debug|Any CPU.ActiveCfg = Debug|Any CPU
		{0E3EBB68-304F-4F3A-9255-F1E197685661}.Debug|Any CPU.Build.0 = Debug|Any CPU
		{0E3EBB68-304F-4F3A-9255-F1E197685661}.Release|Any CPU.ActiveCfg = Release|Any CPU
		{0E3EBB68-304F-4F3A-9255-F1E197685661}.Release|Any CPU.Build.0 = Release|Any CPU
		{06E5E32B-687E-4947-B28C-DC9E50D3C7F0}.Debug|Any CPU.ActiveCfg = Debug|Any CPU
		{06E5E32B-687E-4947-B28C-DC9E50D3C7F0}.Debug|Any CPU.Build.0 = Debug|Any CPU
		{06E5E32B-687E-4947-B28C-DC9E50D3C7F0}.Release|Any CPU.ActiveCfg = Release|Any CPU
		{06E5E32B-687E-4947-B28C-DC9E50D3C7F0}.Release|Any CPU.Build.0 = Release|Any CPU
		{6CE3E08F-81E3-4B9D-BD00-2F40EC9B7635}.Debug|Any CPU.ActiveCfg = Debug|Any CPU
		{6CE3E08F-81E3-4B9D-BD00-2F40EC9B7635}.Debug|Any CPU.Build.0 = Debug|Any CPU
		{6CE3E08F-81E3-4B9D-BD00-2F40EC9B7635}.Release|Any CPU.ActiveCfg = Release|Any CPU
		{6CE3E08F-81E3-4B9D-BD00-2F40EC9B7635}.Release|Any CPU.Build.0 = Release|Any CPU
		{46BEC16E-F42F-4CA2-87AE-083759413F59}.Debug|Any CPU.ActiveCfg = Debug|Any CPU
		{46BEC16E-F42F-4CA2-87AE-083759413F59}.Debug|Any CPU.Build.0 = Debug|Any CPU
		{46BEC16E-F42F-4CA2-87AE-083759413F59}.Release|Any CPU.ActiveCfg = Release|Any CPU
		{46BEC16E-F42F-4CA2-87AE-083759413F59}.Release|Any CPU.Build.0 = Release|Any CPU
		{300276BE-FC28-4D6B-B59A-6F0235FC8309}.Debug|Any CPU.ActiveCfg = Debug|Any CPU
		{300276BE-FC28-4D6B-B59A-6F0235FC8309}.Debug|Any CPU.Build.0 = Debug|Any CPU
		{300276BE-FC28-4D6B-B59A-6F0235FC8309}.Release|Any CPU.ActiveCfg = Release|Any CPU
		{300276BE-FC28-4D6B-B59A-6F0235FC8309}.Release|Any CPU.Build.0 = Release|Any CPU
		{8CCF8882-A3C6-4209-8612-5F78B31D7FE8}.Debug|Any CPU.ActiveCfg = Debug|Any CPU
		{8CCF8882-A3C6-4209-8612-5F78B31D7FE8}.Debug|Any CPU.Build.0 = Debug|Any CPU
		{8CCF8882-A3C6-4209-8612-5F78B31D7FE8}.Release|Any CPU.ActiveCfg = Release|Any CPU
		{8CCF8882-A3C6-4209-8612-5F78B31D7FE8}.Release|Any CPU.Build.0 = Release|Any CPU
		{5D2B2B0F-E3DD-48C5-83AB-0423C6773AF4}.Debug|Any CPU.ActiveCfg = Debug|Any CPU
		{5D2B2B0F-E3DD-48C5-83AB-0423C6773AF4}.Debug|Any CPU.Build.0 = Debug|Any CPU
		{5D2B2B0F-E3DD-48C5-83AB-0423C6773AF4}.Release|Any CPU.ActiveCfg = Release|Any CPU
		{5D2B2B0F-E3DD-48C5-83AB-0423C6773AF4}.Release|Any CPU.Build.0 = Release|Any CPU
		{1BB1A3A3-97CA-48C8-8F02-74FAB2969B19}.Debug|Any CPU.ActiveCfg = Debug|Any CPU
		{1BB1A3A3-97CA-48C8-8F02-74FAB2969B19}.Debug|Any CPU.Build.0 = Debug|Any CPU
		{1BB1A3A3-97CA-48C8-8F02-74FAB2969B19}.Release|Any CPU.ActiveCfg = Release|Any CPU
		{1BB1A3A3-97CA-48C8-8F02-74FAB2969B19}.Release|Any CPU.Build.0 = Release|Any CPU
		{E5F8F303-BF7E-4DB5-AAAF-7CACA6E6946D}.Debug|Any CPU.ActiveCfg = Debug|Any CPU
		{E5F8F303-BF7E-4DB5-AAAF-7CACA6E6946D}.Debug|Any CPU.Build.0 = Debug|Any CPU
		{E5F8F303-BF7E-4DB5-AAAF-7CACA6E6946D}.Release|Any CPU.ActiveCfg = Release|Any CPU
		{E5F8F303-BF7E-4DB5-AAAF-7CACA6E6946D}.Release|Any CPU.Build.0 = Release|Any CPU
		{98EBB0A3-5D25-4F05-9412-7924B18773D7}.Debug|Any CPU.ActiveCfg = Debug|Any CPU
		{98EBB0A3-5D25-4F05-9412-7924B18773D7}.Debug|Any CPU.Build.0 = Debug|Any CPU
		{98EBB0A3-5D25-4F05-9412-7924B18773D7}.Release|Any CPU.ActiveCfg = Release|Any CPU
		{98EBB0A3-5D25-4F05-9412-7924B18773D7}.Release|Any CPU.Build.0 = Release|Any CPU
		{FF8A6962-84C5-4223-9438-89E44360F48F}.Debug|Any CPU.ActiveCfg = Debug|Any CPU
		{FF8A6962-84C5-4223-9438-89E44360F48F}.Debug|Any CPU.Build.0 = Debug|Any CPU
		{FF8A6962-84C5-4223-9438-89E44360F48F}.Release|Any CPU.ActiveCfg = Release|Any CPU
		{FF8A6962-84C5-4223-9438-89E44360F48F}.Release|Any CPU.Build.0 = Release|Any CPU
	EndGlobalSection
	GlobalSection(SolutionProperties) = preSolution
		HideSolutionNode = FALSE
	EndGlobalSection
	GlobalSection(NestedProjects) = preSolution
		{C2E26969-4DF0-4226-B42B-39AE168251FA} = {36D591C7-65C7-A0D1-1CBC-10CDE441BDC8}
		{3CECBEBC-E3B3-44E7-A557-3D9161DF35DC} = {36D591C7-65C7-A0D1-1CBC-10CDE441BDC8}
		{BE6B54C5-CDD5-46C6-9AB9-19ADEAA8036D} = {36D591C7-65C7-A0D1-1CBC-10CDE441BDC8}
		{481D1992-2247-4C70-B254-0C9790E04334} = {ACB23868-5C49-4749-8F34-ECBE8F20F862}
		{0E3EBB68-304F-4F3A-9255-F1E197685661} = {ACB23868-5C49-4749-8F34-ECBE8F20F862}
		{06E5E32B-687E-4947-B28C-DC9E50D3C7F0} = {ACB23868-5C49-4749-8F34-ECBE8F20F862}
		{6CE3E08F-81E3-4B9D-BD00-2F40EC9B7635} = {6E330AC4-BC46-45EC-83A7-F2A819E1EC43}
		{46BEC16E-F42F-4CA2-87AE-083759413F59} = {6E330AC4-BC46-45EC-83A7-F2A819E1EC43}
		{300276BE-FC28-4D6B-B59A-6F0235FC8309} = {6E330AC4-BC46-45EC-83A7-F2A819E1EC43}
		{8CCF8882-A3C6-4209-8612-5F78B31D7FE8} = {A75AB078-CB97-4776-8062-F1D6719A80FB}
		{5D2B2B0F-E3DD-48C5-83AB-0423C6773AF4} = {A75AB078-CB97-4776-8062-F1D6719A80FB}
		{1BB1A3A3-97CA-48C8-8F02-74FAB2969B19} = {A75AB078-CB97-4776-8062-F1D6719A80FB}
		{E5F8F303-BF7E-4DB5-AAAF-7CACA6E6946D} = {07F7CF13-731F-4915-833D-C5E722C02154}
		{98EBB0A3-5D25-4F05-9412-7924B18773D7} = {07F7CF13-731F-4915-833D-C5E722C02154}
		{FF8A6962-84C5-4223-9438-89E44360F48F} = {07F7CF13-731F-4915-833D-C5E722C02154}
	EndGlobalSection
	GlobalSection(ExtensibilityGlobals) = postSolution
		SolutionGuid = {F5DC55E6-15BD-4677-840B-A6517358DF99}
	EndGlobalSection
EndGlobal
