
Microsoft Visual Studio Solution File, Format Version 12.00
# Visual Studio Version 17
VisualStudioVersion = 17.14.36518.9
MinimumVisualStudioVersion = 10.0.40219.1
Project("{2150E333-8FDC-42A3-9474-1A3956D46DE8}") = "Task0", "Task0", "{36D591C7-65C7-A0D1-1CBC-10CDE441BDC8}"
EndProject
Project("{FAE04EC0-301F-11D3-BF4B-00C04F79EFBC}") = "Tyuiu.AjtkuzhinovEE.Sprint5.Task0.V5", "Tyuiu.AjtkuzhinovEE.Sprint5.Task0.V5\Tyuiu.AjtkuzhinovEE.Sprint5.Task0.V5.csproj", "{C2E26969-4DF0-4226-B42B-39AE168251FA}"
EndProject
Project("{FAE04EC0-301F-11D3-BF4B-00C04F79EFBC}") = "Tyuiu.AjtkuzhinovEE.Sprint5.Task0.V5.Test", "Tyuiu.AjtkuzhinovEE.Sprint5.Task0.V5.Test\Tyuiu.AjtkuzhinovEE.Sprint5.Task0.V5.Test.csproj", "{3CECBEBC-E3B3-44E7-A557-3D9161DF35DC}"
EndProject
Project("{FAE04EC0-301F-11D3-BF4B-00C04F79EFBC}") = "Tyuiu.AjtkuzhinovEE.Sprint5.Task0.V5.Lib", "Tyuiu.AjtkuzhinovEE.Sprint5.Task0.V5.Lib\Tyuiu.AjtkuzhinovEE.Sprint5.Task0.V5.Lib.csproj", "{BE6B54C5-CDD5-46C6-9AB9-19ADEAA8036D}"
EndProject
Global
	GlobalSection(SolutionConfigurationPlatforms) = preSolution
		Debug|Any CPU = Debug|Any CPU
		Release|Any CPU = Release|Any CPU
	EndGlobalSection
	GlobalSection(ProjectConfigurationPlatforms) = postSolution
		{C2E26969-4DF0-4226-B42B-39AE168251FA}.Debug|Any CPU.ActiveCfg = Debug|Any CPU
		{C2E26969-4DF0-4226-B42B-39AE168251FA}.Debug|Any CPU.Build.0 = Debug|Any CPU
		{C2E26969-4DF0-4226-B42B-39AE168251FA}.Release|Any CPU.ActiveCfg = Release|Any CPU
		{C2E26969-4DF0-4226-B42B-39AE168251FA}.Release|Any CPU.Build.0 = Release|Any CPU
		{3CECBEBC-E3B3-44E7-A557-3D9161DF35DC}.Debug|Any CPU.ActiveCfg = Debug|Any CPU
		{3CECBEBC-E3B3-44E7-A557-3D9161DF35DC}.Debug|Any CPU.Build.0 = Debug|Any CPU
		{3CECBEBC-E3B3-44E7-A557-3D9161DF35DC}.Release|Any CPU.ActiveCfg = Release|Any CPU
		{3CECBEBC-E3B3-44E7-A557-3D9161DF35DC}.Release|Any CPU.Build.0 = Release|Any CPU
		{BE6B54C5-CDD5-46C6-9AB9-19ADEAA8036D}.Debug|Any CPU.ActiveCfg = Debug|Any CPU
		{BE6B54C5-CDD5-46C6-9AB9-19ADEAA8036D}.Debug|Any CPU.Build.0 = Debug|Any CPU
		{BE6B54C5-CDD5-46C6-9AB9-19ADEAA8036D}.Release|Any CPU.ActiveCfg = Release|Any CPU
		{BE6B54C5-CDD5-46C6-9AB9-19ADEAA8036D}.Release|Any CPU.Build.0 = Release|Any CPU
	EndGlobalSection
	GlobalSection(SolutionProperties) = preSolution
		HideSolutionNode = FALSE
	EndGlobalSection
	GlobalSection(NestedProjects) = preSolution
		{C2E26969-4DF0-4226-B42B-39AE168251FA} = {36D591C7-65C7-A0D1-1CBC-10CDE441BDC8}
		{3CECBEBC-E3B3-44E7-A557-3D9161DF35DC} = {36D591C7-65C7-A0D1-1CBC-10CDE441BDC8}
		{BE6B54C5-CDD5-46C6-9AB9-19ADEAA8036D} = {36D591C7-65C7-A0D1-1CBC-10CDE441BDC8}
	EndGlobalSection
	GlobalSection(ExtensibilityGlobals) = postSolution
		SolutionGuid = {F5DC55E6-15BD-4677-840B-A6517358DF99}
	EndGlobalSection
EndGlobal
